
Microsoft Visual Studio Solution File, Format Version 12.00
# Visual Studio 15
VisualStudioVersion = 15.0.26730.16
MinimumVisualStudioVersion = 10.0.40219.1
Project("{FAE04EC0-301F-11D3-BF4B-00C04F79EFBC}") = "Galeri.Android", "Galeri\Galeri.Android\Galeri.Android.csproj", "{AECC3601-9192-4385-B82F-A97A64F6A1C3}"
EndProject
Project("{FAE04EC0-301F-11D3-BF4B-00C04F79EFBC}") = "Galeri", "Galeri\Galeri\Galeri.csproj", "{1C07AE98-8DDC-423C-9073-7CFCBD81EB41}"
EndProject
Project("{FAE04EC0-301F-11D3-BF4B-00C04F79EFBC}") = "Galeri.UWP", "Galeri\Galeri.UWP\Galeri.UWP.csproj", "{47D86B5B-CC31-42AE-B5AC-E835D9E8F15C}"
EndProject
Project("{FAE04EC0-301F-11D3-BF4B-00C04F79EFBC}") = "Galeri.iOS", "Galeri\Galeri.iOS\Galeri.iOS.csproj", "{FC27A1AD-5938-45D5-AD8D-55C2FF2E7AD9}"
EndProject
Global
	GlobalSection(SolutionConfigurationPlatforms) = preSolution
		Ad-Hoc|Any CPU = Ad-Hoc|Any CPU
		Ad-Hoc|ARM = Ad-Hoc|ARM
		Ad-Hoc|iPhone = Ad-Hoc|iPhone
		Ad-Hoc|iPhoneSimulator = Ad-Hoc|iPhoneSimulator
		Ad-Hoc|x64 = Ad-Hoc|x64
		Ad-Hoc|x86 = Ad-Hoc|x86
		AppStore|Any CPU = AppStore|Any CPU
		AppStore|ARM = AppStore|ARM
		AppStore|iPhone = AppStore|iPhone
		AppStore|iPhoneSimulator = AppStore|iPhoneSimulator
		AppStore|x64 = AppStore|x64
		AppStore|x86 = AppStore|x86
		Debug|Any CPU = Debug|Any CPU
		Debug|ARM = Debug|ARM
		Debug|iPhone = Debug|iPhone
		Debug|iPhoneSimulator = Debug|iPhoneSimulator
		Debug|x64 = Debug|x64
		Debug|x86 = Debug|x86
		Release|Any CPU = Release|Any CPU
		Release|ARM = Release|ARM
		Release|iPhone = Release|iPhone
		Release|iPhoneSimulator = Release|iPhoneSimulator
		Release|x64 = Release|x64
		Release|x86 = Release|x86
	EndGlobalSection
	GlobalSection(ProjectConfigurationPlatforms) = postSolution
		{AECC3601-9192-4385-B82F-A97A64F6A1C3}.Ad-Hoc|Any CPU.ActiveCfg = Release|Any CPU
		{AECC3601-9192-4385-B82F-A97A64F6A1C3}.Ad-Hoc|Any CPU.Build.0 = Release|Any CPU
		{AECC3601-9192-4385-B82F-A97A64F6A1C3}.Ad-Hoc|Any CPU.Deploy.0 = Release|Any CPU
		{AECC3601-9192-4385-B82F-A97A64F6A1C3}.Ad-Hoc|ARM.ActiveCfg = Release|Any CPU
		{AECC3601-9192-4385-B82F-A97A64F6A1C3}.Ad-Hoc|ARM.Build.0 = Release|Any CPU
		{AECC3601-9192-4385-B82F-A97A64F6A1C3}.Ad-Hoc|ARM.Deploy.0 = Release|Any CPU
		{AECC3601-9192-4385-B82F-A97A64F6A1C3}.Ad-Hoc|iPhone.ActiveCfg = Release|Any CPU
		{AECC3601-9192-4385-B82F-A97A64F6A1C3}.Ad-Hoc|iPhone.Build.0 = Release|Any CPU
		{AECC3601-9192-4385-B82F-A97A64F6A1C3}.Ad-Hoc|iPhone.Deploy.0 = Release|Any CPU
		{AECC3601-9192-4385-B82F-A97A64F6A1C3}.Ad-Hoc|iPhoneSimulator.ActiveCfg = Release|Any CPU
		{AECC3601-9192-4385-B82F-A97A64F6A1C3}.Ad-Hoc|iPhoneSimulator.Build.0 = Release|Any CPU
		{AECC3601-9192-4385-B82F-A97A64F6A1C3}.Ad-Hoc|iPhoneSimulator.Deploy.0 = Release|Any CPU
		{AECC3601-9192-4385-B82F-A97A64F6A1C3}.Ad-Hoc|x64.ActiveCfg = Release|Any CPU
		{AECC3601-9192-4385-B82F-A97A64F6A1C3}.Ad-Hoc|x64.Build.0 = Release|Any CPU
		{AECC3601-9192-4385-B82F-A97A64F6A1C3}.Ad-Hoc|x64.Deploy.0 = Release|Any CPU
		{AECC3601-9192-4385-B82F-A97A64F6A1C3}.Ad-Hoc|x86.ActiveCfg = Release|Any CPU
		{AECC3601-9192-4385-B82F-A97A64F6A1C3}.Ad-Hoc|x86.Build.0 = Release|Any CPU
		{AECC3601-9192-4385-B82F-A97A64F6A1C3}.Ad-Hoc|x86.Deploy.0 = Release|Any CPU
		{AECC3601-9192-4385-B82F-A97A64F6A1C3}.AppStore|Any CPU.ActiveCfg = Release|Any CPU
		{AECC3601-9192-4385-B82F-A97A64F6A1C3}.AppStore|Any CPU.Build.0 = Release|Any CPU
		{AECC3601-9192-4385-B82F-A97A64F6A1C3}.AppStore|Any CPU.Deploy.0 = Release|Any CPU
		{AECC3601-9192-4385-B82F-A97A64F6A1C3}.AppStore|ARM.ActiveCfg = Release|Any CPU
		{AECC3601-9192-4385-B82F-A97A64F6A1C3}.AppStore|ARM.Build.0 = Release|Any CPU
		{AECC3601-9192-4385-B82F-A97A64F6A1C3}.AppStore|ARM.Deploy.0 = Release|Any CPU
		{AECC3601-9192-4385-B82F-A97A64F6A1C3}.AppStore|iPhone.ActiveCfg = Release|Any CPU
		{AECC3601-9192-4385-B82F-A97A64F6A1C3}.AppStore|iPhone.Build.0 = Release|Any CPU
		{AECC3601-9192-4385-B82F-A97A64F6A1C3}.AppStore|iPhone.Deploy.0 = Release|Any CPU
		{AECC3601-9192-4385-B82F-A97A64F6A1C3}.AppStore|iPhoneSimulator.ActiveCfg = Release|Any CPU
		{AECC3601-9192-4385-B82F-A97A64F6A1C3}.AppStore|iPhoneSimulator.Build.0 = Release|Any CPU
		{AECC3601-9192-4385-B82F-A97A64F6A1C3}.AppStore|iPhoneSimulator.Deploy.0 = Release|Any CPU
		{AECC3601-9192-4385-B82F-A97A64F6A1C3}.AppStore|x64.ActiveCfg = Release|Any CPU
		{AECC3601-9192-4385-B82F-A97A64F6A1C3}.AppStore|x64.Build.0 = Release|Any CPU
		{AECC3601-9192-4385-B82F-A97A64F6A1C3}.AppStore|x64.Deploy.0 = Release|Any CPU
		{AECC3601-9192-4385-B82F-A97A64F6A1C3}.AppStore|x86.ActiveCfg = Release|Any CPU
		{AECC3601-9192-4385-B82F-A97A64F6A1C3}.AppStore|x86.Build.0 = Release|Any CPU
		{AECC3601-9192-4385-B82F-A97A64F6A1C3}.AppStore|x86.Deploy.0 = Release|Any CPU
		{AECC3601-9192-4385-B82F-A97A64F6A1C3}.Debug|Any CPU.ActiveCfg = Debug|Any CPU
		{AECC3601-9192-4385-B82F-A97A64F6A1C3}.Debug|Any CPU.Build.0 = Debug|Any CPU
		{AECC3601-9192-4385-B82F-A97A64F6A1C3}.Debug|Any CPU.Deploy.0 = Debug|Any CPU
		{AECC3601-9192-4385-B82F-A97A64F6A1C3}.Debug|ARM.ActiveCfg = Debug|Any CPU
		{AECC3601-9192-4385-B82F-A97A64F6A1C3}.Debug|ARM.Build.0 = Debug|Any CPU
		{AECC3601-9192-4385-B82F-A97A64F6A1C3}.Debug|ARM.Deploy.0 = Debug|Any CPU
		{AECC3601-9192-4385-B82F-A97A64F6A1C3}.Debug|iPhone.ActiveCfg = Debug|Any CPU
		{AECC3601-9192-4385-B82F-A97A64F6A1C3}.Debug|iPhone.Build.0 = Debug|Any CPU
		{AECC3601-9192-4385-B82F-A97A64F6A1C3}.Debug|iPhone.Deploy.0 = Debug|Any CPU
		{AECC3601-9192-4385-B82F-A97A64F6A1C3}.Debug|iPhoneSimulator.ActiveCfg = Debug|Any CPU
		{AECC3601-9192-4385-B82F-A97A64F6A1C3}.Debug|iPhoneSimulator.Build.0 = Debug|Any CPU
		{AECC3601-9192-4385-B82F-A97A64F6A1C3}.Debug|iPhoneSimulator.Deploy.0 = Debug|Any CPU
		{AECC3601-9192-4385-B82F-A97A64F6A1C3}.Debug|x64.ActiveCfg = Debug|Any CPU
		{AECC3601-9192-4385-B82F-A97A64F6A1C3}.Debug|x64.Build.0 = Debug|Any CPU
		{AECC3601-9192-4385-B82F-A97A64F6A1C3}.Debug|x64.Deploy.0 = Debug|Any CPU
		{AECC3601-9192-4385-B82F-A97A64F6A1C3}.Debug|x86.ActiveCfg = Debug|Any CPU
		{AECC3601-9192-4385-B82F-A97A64F6A1C3}.Debug|x86.Build.0 = Debug|Any CPU
		{AECC3601-9192-4385-B82F-A97A64F6A1C3}.Debug|x86.Deploy.0 = Debug|Any CPU
		{AECC3601-9192-4385-B82F-A97A64F6A1C3}.Release|Any CPU.ActiveCfg = Release|Any CPU
		{AECC3601-9192-4385-B82F-A97A64F6A1C3}.Release|Any CPU.Build.0 = Release|Any CPU
		{AECC3601-9192-4385-B82F-A97A64F6A1C3}.Release|Any CPU.Deploy.0 = Release|Any CPU
		{AECC3601-9192-4385-B82F-A97A64F6A1C3}.Release|ARM.ActiveCfg = Release|Any CPU
		{AECC3601-9192-4385-B82F-A97A64F6A1C3}.Release|ARM.Build.0 = Release|Any CPU
		{AECC3601-9192-4385-B82F-A97A64F6A1C3}.Release|ARM.Deploy.0 = Release|Any CPU
		{AECC3601-9192-4385-B82F-A97A64F6A1C3}.Release|iPhone.ActiveCfg = Release|Any CPU
		{AECC3601-9192-4385-B82F-A97A64F6A1C3}.Release|iPhone.Build.0 = Release|Any CPU
		{AECC3601-9192-4385-B82F-A97A64F6A1C3}.Release|iPhone.Deploy.0 = Release|Any CPU
		{AECC3601-9192-4385-B82F-A97A64F6A1C3}.Release|iPhoneSimulator.ActiveCfg = Release|Any CPU
		{AECC3601-9192-4385-B82F-A97A64F6A1C3}.Release|iPhoneSimulator.Build.0 = Release|Any CPU
		{AECC3601-9192-4385-B82F-A97A64F6A1C3}.Release|iPhoneSimulator.Deploy.0 = Release|Any CPU
		{AECC3601-9192-4385-B82F-A97A64F6A1C3}.Release|x64.ActiveCfg = Release|Any CPU
		{AECC3601-9192-4385-B82F-A97A64F6A1C3}.Release|x64.Build.0 = Release|Any CPU
		{AECC3601-9192-4385-B82F-A97A64F6A1C3}.Release|x64.Deploy.0 = Release|Any CPU
		{AECC3601-9192-4385-B82F-A97A64F6A1C3}.Release|x86.ActiveCfg = Release|Any CPU
		{AECC3601-9192-4385-B82F-A97A64F6A1C3}.Release|x86.Build.0 = Release|Any CPU
		{AECC3601-9192-4385-B82F-A97A64F6A1C3}.Release|x86.Deploy.0 = Release|Any CPU
		{1C07AE98-8DDC-423C-9073-7CFCBD81EB41}.Ad-Hoc|Any CPU.ActiveCfg = Release|Any CPU
		{1C07AE98-8DDC-423C-9073-7CFCBD81EB41}.Ad-Hoc|Any CPU.Build.0 = Release|Any CPU
		{1C07AE98-8DDC-423C-9073-7CFCBD81EB41}.Ad-Hoc|ARM.ActiveCfg = Release|Any CPU
		{1C07AE98-8DDC-423C-9073-7CFCBD81EB41}.Ad-Hoc|ARM.Build.0 = Release|Any CPU
		{1C07AE98-8DDC-423C-9073-7CFCBD81EB41}.Ad-Hoc|iPhone.ActiveCfg = Release|Any CPU
		{1C07AE98-8DDC-423C-9073-7CFCBD81EB41}.Ad-Hoc|iPhone.Build.0 = Release|Any CPU
		{1C07AE98-8DDC-423C-9073-7CFCBD81EB41}.Ad-Hoc|iPhoneSimulator.ActiveCfg = Release|Any CPU
		{1C07AE98-8DDC-423C-9073-7CFCBD81EB41}.Ad-Hoc|iPhoneSimulator.Build.0 = Release|Any CPU
		{1C07AE98-8DDC-423C-9073-7CFCBD81EB41}.Ad-Hoc|x64.ActiveCfg = Release|Any CPU
		{1C07AE98-8DDC-423C-9073-7CFCBD81EB41}.Ad-Hoc|x64.Build.0 = Release|Any CPU
		{1C07AE98-8DDC-423C-9073-7CFCBD81EB41}.Ad-Hoc|x86.ActiveCfg = Release|Any CPU
		{1C07AE98-8DDC-423C-9073-7CFCBD81EB41}.Ad-Hoc|x86.Build.0 = Release|Any CPU
		{1C07AE98-8DDC-423C-9073-7CFCBD81EB41}.AppStore|Any CPU.ActiveCfg = Release|Any CPU
		{1C07AE98-8DDC-423C-9073-7CFCBD81EB41}.AppStore|Any CPU.Build.0 = Release|Any CPU
		{1C07AE98-8DDC-423C-9073-7CFCBD81EB41}.AppStore|ARM.ActiveCfg = Release|Any CPU
		{1C07AE98-8DDC-423C-9073-7CFCBD81EB41}.AppStore|ARM.Build.0 = Release|Any CPU
		{1C07AE98-8DDC-423C-9073-7CFCBD81EB41}.AppStore|iPhone.ActiveCfg = Release|Any CPU
		{1C07AE98-8DDC-423C-9073-7CFCBD81EB41}.AppStore|iPhone.Build.0 = Release|Any CPU
		{1C07AE98-8DDC-423C-9073-7CFCBD81EB41}.AppStore|iPhoneSimulator.ActiveCfg = Release|Any CPU
		{1C07AE98-8DDC-423C-9073-7CFCBD81EB41}.AppStore|iPhoneSimulator.Build.0 = Release|Any CPU
		{1C07AE98-8DDC-423C-9073-7CFCBD81EB41}.AppStore|x64.ActiveCfg = Release|Any CPU
		{1C07AE98-8DDC-423C-9073-7CFCBD81EB41}.AppStore|x64.Build.0 = Release|Any CPU
		{1C07AE98-8DDC-423C-9073-7CFCBD81EB41}.AppStore|x86.ActiveCfg = Release|Any CPU
		{1C07AE98-8DDC-423C-9073-7CFCBD81EB41}.AppStore|x86.Build.0 = Release|Any CPU
		{1C07AE98-8DDC-423C-9073-7CFCBD81EB41}.Debug|Any CPU.ActiveCfg = Debug|Any CPU
		{1C07AE98-8DDC-423C-9073-7CFCBD81EB41}.Debug|Any CPU.Build.0 = Debug|Any CPU
		{1C07AE98-8DDC-423C-9073-7CFCBD81EB41}.Debug|ARM.ActiveCfg = Debug|Any CPU
		{1C07AE98-8DDC-423C-9073-7CFCBD81EB41}.Debug|ARM.Build.0 = Debug|Any CPU
		{1C07AE98-8DDC-423C-9073-7CFCBD81EB41}.Debug|iPhone.ActiveCfg = Debug|Any CPU
		{1C07AE98-8DDC-423C-9073-7CFCBD81EB41}.Debug|iPhone.Build.0 = Debug|Any CPU
		{1C07AE98-8DDC-423C-9073-7CFCBD81EB41}.Debug|iPhoneSimulator.ActiveCfg = Debug|Any CPU
		{1C07AE98-8DDC-423C-9073-7CFCBD81EB41}.Debug|iPhoneSimulator.Build.0 = Debug|Any CPU
		{1C07AE98-8DDC-423C-9073-7CFCBD81EB41}.Debug|x64.ActiveCfg = Debug|Any CPU
		{1C07AE98-8DDC-423C-9073-7CFCBD81EB41}.Debug|x64.Build.0 = Debug|Any CPU
		{1C07AE98-8DDC-423C-9073-7CFCBD81EB41}.Debug|x86.ActiveCfg = Debug|Any CPU
		{1C07AE98-8DDC-423C-9073-7CFCBD81EB41}.Debug|x86.Build.0 = Debug|Any CPU
		{1C07AE98-8DDC-423C-9073-7CFCBD81EB41}.Release|Any CPU.ActiveCfg = Release|Any CPU
		{1C07AE98-8DDC-423C-9073-7CFCBD81EB41}.Release|Any CPU.Build.0 = Release|Any CPU
		{1C07AE98-8DDC-423C-9073-7CFCBD81EB41}.Release|ARM.ActiveCfg = Release|Any CPU
		{1C07AE98-8DDC-423C-9073-7CFCBD81EB41}.Release|ARM.Build.0 = Release|Any CPU
		{1C07AE98-8DDC-423C-9073-7CFCBD81EB41}.Release|iPhone.ActiveCfg = Release|Any CPU
		{1C07AE98-8DDC-423C-9073-7CFCBD81EB41}.Release|iPhone.Build.0 = Release|Any CPU
		{1C07AE98-8DDC-423C-9073-7CFCBD81EB41}.Release|iPhoneSimulator.ActiveCfg = Release|Any CPU
		{1C07AE98-8DDC-423C-9073-7CFCBD81EB41}.Release|iPhoneSimulator.Build.0 = Release|Any CPU
		{1C07AE98-8DDC-423C-9073-7CFCBD81EB41}.Release|x64.ActiveCfg = Release|Any CPU
		{1C07AE98-8DDC-423C-9073-7CFCBD81EB41}.Release|x64.Build.0 = Release|Any CPU
		{1C07AE98-8DDC-423C-9073-7CFCBD81EB41}.Release|x86.ActiveCfg = Release|Any CPU
		{1C07AE98-8DDC-423C-9073-7CFCBD81EB41}.Release|x86.Build.0 = Release|Any CPU
		{47D86B5B-CC31-42AE-B5AC-E835D9E8F15C}.Ad-Hoc|Any CPU.ActiveCfg = Release|x86
		{47D86B5B-CC31-42AE-B5AC-E835D9E8F15C}.Ad-Hoc|Any CPU.Build.0 = Release|x86
		{47D86B5B-CC31-42AE-B5AC-E835D9E8F15C}.Ad-Hoc|Any CPU.Deploy.0 = Release|x86
		{47D86B5B-CC31-42AE-B5AC-E835D9E8F15C}.Ad-Hoc|ARM.ActiveCfg = Release|ARM
		{47D86B5B-CC31-42AE-B5AC-E835D9E8F15C}.Ad-Hoc|ARM.Build.0 = Release|ARM
		{47D86B5B-CC31-42AE-B5AC-E835D9E8F15C}.Ad-Hoc|ARM.Deploy.0 = Release|ARM
		{47D86B5B-CC31-42AE-B5AC-E835D9E8F15C}.Ad-Hoc|iPhone.ActiveCfg = Release|x86
		{47D86B5B-CC31-42AE-B5AC-E835D9E8F15C}.Ad-Hoc|iPhone.Build.0 = Release|x86
		{47D86B5B-CC31-42AE-B5AC-E835D9E8F15C}.Ad-Hoc|iPhone.Deploy.0 = Release|x86
		{47D86B5B-CC31-42AE-B5AC-E835D9E8F15C}.Ad-Hoc|iPhoneSimulator.ActiveCfg = Release|x86
		{47D86B5B-CC31-42AE-B5AC-E835D9E8F15C}.Ad-Hoc|iPhoneSimulator.Build.0 = Release|x86
		{47D86B5B-CC31-42AE-B5AC-E835D9E8F15C}.Ad-Hoc|iPhoneSimulator.Deploy.0 = Release|x86
		{47D86B5B-CC31-42AE-B5AC-E835D9E8F15C}.Ad-Hoc|x64.ActiveCfg = Release|x64
		{47D86B5B-CC31-42AE-B5AC-E835D9E8F15C}.Ad-Hoc|x64.Build.0 = Release|x64
		{47D86B5B-CC31-42AE-B5AC-E835D9E8F15C}.Ad-Hoc|x64.Deploy.0 = Release|x64
		{47D86B5B-CC31-42AE-B5AC-E835D9E8F15C}.Ad-Hoc|x86.ActiveCfg = Release|x86
		{47D86B5B-CC31-42AE-B5AC-E835D9E8F15C}.Ad-Hoc|x86.Build.0 = Release|x86
		{47D86B5B-CC31-42AE-B5AC-E835D9E8F15C}.Ad-Hoc|x86.Deploy.0 = Release|x86
		{47D86B5B-CC31-42AE-B5AC-E835D9E8F15C}.AppStore|Any CPU.ActiveCfg = Release|x86
		{47D86B5B-CC31-42AE-B5AC-E835D9E8F15C}.AppStore|Any CPU.Build.0 = Release|x86
		{47D86B5B-CC31-42AE-B5AC-E835D9E8F15C}.AppStore|Any CPU.Deploy.0 = Release|x86
		{47D86B5B-CC31-42AE-B5AC-E835D9E8F15C}.AppStore|ARM.ActiveCfg = Release|ARM
		{47D86B5B-CC31-42AE-B5AC-E835D9E8F15C}.AppStore|ARM.Build.0 = Release|ARM
		{47D86B5B-CC31-42AE-B5AC-E835D9E8F15C}.AppStore|ARM.Deploy.0 = Release|ARM
		{47D86B5B-CC31-42AE-B5AC-E835D9E8F15C}.AppStore|iPhone.ActiveCfg = Release|x86
		{47D86B5B-CC31-42AE-B5AC-E835D9E8F15C}.AppStore|iPhone.Build.0 = Release|x86
		{47D86B5B-CC31-42AE-B5AC-E835D9E8F15C}.AppStore|iPhone.Deploy.0 = Release|x86
		{47D86B5B-CC31-42AE-B5AC-E835D9E8F15C}.AppStore|iPhoneSimulator.ActiveCfg = Release|x86
		{47D86B5B-CC31-42AE-B5AC-E835D9E8F15C}.AppStore|iPhoneSimulator.Build.0 = Release|x86
		{47D86B5B-CC31-42AE-B5AC-E835D9E8F15C}.AppStore|iPhoneSimulator.Deploy.0 = Release|x86
		{47D86B5B-CC31-42AE-B5AC-E835D9E8F15C}.AppStore|x64.ActiveCfg = Release|x64
		{47D86B5B-CC31-42AE-B5AC-E835D9E8F15C}.AppStore|x64.Build.0 = Release|x64
		{47D86B5B-CC31-42AE-B5AC-E835D9E8F15C}.AppStore|x64.Deploy.0 = Release|x64
		{47D86B5B-CC31-42AE-B5AC-E835D9E8F15C}.AppStore|x86.ActiveCfg = Release|x86
		{47D86B5B-CC31-42AE-B5AC-E835D9E8F15C}.AppStore|x86.Build.0 = Release|x86
		{47D86B5B-CC31-42AE-B5AC-E835D9E8F15C}.AppStore|x86.Deploy.0 = Release|x86
		{47D86B5B-CC31-42AE-B5AC-E835D9E8F15C}.Debug|Any CPU.ActiveCfg = Debug|x86
		{47D86B5B-CC31-42AE-B5AC-E835D9E8F15C}.Debug|ARM.ActiveCfg = Debug|ARM
		{47D86B5B-CC31-42AE-B5AC-E835D9E8F15C}.Debug|ARM.Build.0 = Debug|ARM
		{47D86B5B-CC31-42AE-B5AC-E835D9E8F15C}.Debug|ARM.Deploy.0 = Debug|ARM
		{47D86B5B-CC31-42AE-B5AC-E835D9E8F15C}.Debug|iPhone.ActiveCfg = Debug|x86
		{47D86B5B-CC31-42AE-B5AC-E835D9E8F15C}.Debug|iPhoneSimulator.ActiveCfg = Debug|x86
		{47D86B5B-CC31-42AE-B5AC-E835D9E8F15C}.Debug|x64.ActiveCfg = Debug|x64
		{47D86B5B-CC31-42AE-B5AC-E835D9E8F15C}.Debug|x64.Build.0 = Debug|x64
		{47D86B5B-CC31-42AE-B5AC-E835D9E8F15C}.Debug|x64.Deploy.0 = Debug|x64
		{47D86B5B-CC31-42AE-B5AC-E835D9E8F15C}.Debug|x86.ActiveCfg = Debug|x86
		{47D86B5B-CC31-42AE-B5AC-E835D9E8F15C}.Debug|x86.Build.0 = Debug|x86
		{47D86B5B-CC31-42AE-B5AC-E835D9E8F15C}.Debug|x86.Deploy.0 = Debug|x86
		{47D86B5B-CC31-42AE-B5AC-E835D9E8F15C}.Release|Any CPU.ActiveCfg = Release|x86
		{47D86B5B-CC31-42AE-B5AC-E835D9E8F15C}.Release|ARM.ActiveCfg = Release|ARM
		{47D86B5B-CC31-42AE-B5AC-E835D9E8F15C}.Release|ARM.Build.0 = Release|ARM
		{47D86B5B-CC31-42AE-B5AC-E835D9E8F15C}.Release|ARM.Deploy.0 = Release|ARM
		{47D86B5B-CC31-42AE-B5AC-E835D9E8F15C}.Release|iPhone.ActiveCfg = Release|x86
		{47D86B5B-CC31-42AE-B5AC-E835D9E8F15C}.Release|iPhoneSimulator.ActiveCfg = Release|x86
		{47D86B5B-CC31-42AE-B5AC-E835D9E8F15C}.Release|x64.ActiveCfg = Release|x64
		{47D86B5B-CC31-42AE-B5AC-E835D9E8F15C}.Release|x64.Build.0 = Release|x64
		{47D86B5B-CC31-42AE-B5AC-E835D9E8F15C}.Release|x64.Deploy.0 = Release|x64
		{47D86B5B-CC31-42AE-B5AC-E835D9E8F15C}.Release|x86.ActiveCfg = Release|x86
		{47D86B5B-CC31-42AE-B5AC-E835D9E8F15C}.Release|x86.Build.0 = Release|x86
		{47D86B5B-CC31-42AE-B5AC-E835D9E8F15C}.Release|x86.Deploy.0 = Release|x86
		{FC27A1AD-5938-45D5-AD8D-55C2FF2E7AD9}.Ad-Hoc|Any CPU.ActiveCfg = Ad-Hoc|iPhone
		{FC27A1AD-5938-45D5-AD8D-55C2FF2E7AD9}.Ad-Hoc|ARM.ActiveCfg = Ad-Hoc|iPhone
		{FC27A1AD-5938-45D5-AD8D-55C2FF2E7AD9}.Ad-Hoc|iPhone.ActiveCfg = Ad-Hoc|iPhone
		{FC27A1AD-5938-45D5-AD8D-55C2FF2E7AD9}.Ad-Hoc|iPhone.Build.0 = Ad-Hoc|iPhone
		{FC27A1AD-5938-45D5-AD8D-55C2FF2E7AD9}.Ad-Hoc|iPhoneSimulator.ActiveCfg = Ad-Hoc|iPhoneSimulator
		{FC27A1AD-5938-45D5-AD8D-55C2FF2E7AD9}.Ad-Hoc|iPhoneSimulator.Build.0 = Ad-Hoc|iPhoneSimulator
		{FC27A1AD-5938-45D5-AD8D-55C2FF2E7AD9}.Ad-Hoc|x64.ActiveCfg = Ad-Hoc|iPhone
		{FC27A1AD-5938-45D5-AD8D-55C2FF2E7AD9}.Ad-Hoc|x86.ActiveCfg = Ad-Hoc|iPhone
		{FC27A1AD-5938-45D5-AD8D-55C2FF2E7AD9}.AppStore|Any CPU.ActiveCfg = AppStore|iPhone
		{FC27A1AD-5938-45D5-AD8D-55C2FF2E7AD9}.AppStore|ARM.ActiveCfg = AppStore|iPhone
		{FC27A1AD-5938-45D5-AD8D-55C2FF2E7AD9}.AppStore|iPhone.ActiveCfg = AppStore|iPhone
		{FC27A1AD-5938-45D5-AD8D-55C2FF2E7AD9}.AppStore|iPhone.Build.0 = AppStore|iPhone
		{FC27A1AD-5938-45D5-AD8D-55C2FF2E7AD9}.AppStore|iPhoneSimulator.ActiveCfg = AppStore|iPhoneSimulator
		{FC27A1AD-5938-45D5-AD8D-55C2FF2E7AD9}.AppStore|iPhoneSimulator.Build.0 = AppStore|iPhoneSimulator
		{FC27A1AD-5938-45D5-AD8D-55C2FF2E7AD9}.AppStore|x64.ActiveCfg = AppStore|iPhone
		{FC27A1AD-5938-45D5-AD8D-55C2FF2E7AD9}.AppStore|x86.ActiveCfg = AppStore|iPhone
		{FC27A1AD-5938-45D5-AD8D-55C2FF2E7AD9}.Debug|Any CPU.ActiveCfg = Debug|iPhone
		{FC27A1AD-5938-45D5-AD8D-55C2FF2E7AD9}.Debug|ARM.ActiveCfg = Debug|iPhone
		{FC27A1AD-5938-45D5-AD8D-55C2FF2E7AD9}.Debug|iPhone.ActiveCfg = Debug|iPhone
		{FC27A1AD-5938-45D5-AD8D-55C2FF2E7AD9}.Debug|iPhone.Build.0 = Debug|iPhone
		{FC27A1AD-5938-45D5-AD8D-55C2FF2E7AD9}.Debug|iPhoneSimulator.ActiveCfg = Debug|iPhoneSimulator
		{FC27A1AD-5938-45D5-AD8D-55C2FF2E7AD9}.Debug|iPhoneSimulator.Build.0 = Debug|iPhoneSimulator
		{FC27A1AD-5938-45D5-AD8D-55C2FF2E7AD9}.Debug|x64.ActiveCfg = Debug|iPhone
		{FC27A1AD-5938-45D5-AD8D-55C2FF2E7AD9}.Debug|x86.ActiveCfg = Debug|iPhone
		{FC27A1AD-5938-45D5-AD8D-55C2FF2E7AD9}.Release|Any CPU.ActiveCfg = Release|iPhone
		{FC27A1AD-5938-45D5-AD8D-55C2FF2E7AD9}.Release|ARM.ActiveCfg = Release|iPhone
		{FC27A1AD-5938-45D5-AD8D-55C2FF2E7AD9}.Release|iPhone.ActiveCfg = Release|iPhone
		{FC27A1AD-5938-45D5-AD8D-55C2FF2E7AD9}.Release|iPhone.Build.0 = Release|iPhone
		{FC27A1AD-5938-45D5-AD8D-55C2FF2E7AD9}.Release|iPhoneSimulator.ActiveCfg = Release|iPhoneSimulator
		{FC27A1AD-5938-45D5-AD8D-55C2FF2E7AD9}.Release|iPhoneSimulator.Build.0 = Release|iPhoneSimulator
		{FC27A1AD-5938-45D5-AD8D-55C2FF2E7AD9}.Release|x64.ActiveCfg = Release|iPhone
		{FC27A1AD-5938-45D5-AD8D-55C2FF2E7AD9}.Release|x86.ActiveCfg = Release|iPhone
	EndGlobalSection
	GlobalSection(SolutionProperties) = preSolution
		HideSolutionNode = FALSE
	EndGlobalSection
	GlobalSection(ExtensibilityGlobals) = postSolution
		SolutionGuid = {670FCB41-C321-4E43-BE4C-E8ADCAF76011}
	EndGlobalSection
EndGlobal
